// !$*UTF8*$!
{
	archiveVersion = 1;
	classes = {
	};
	objectVersion = 46;
	objects = {

/* Begin PBXBuildFile section */
		7E4ADB661B0DE19900ED5F95 /* main.m in Sources */ = {isa = PBXBuildFile; fileRef = 7E4ADB651B0DE19900ED5F95 /* main.m */; };
		7E4ADB691B0DE19900ED5F95 /* AppDelegate.m in Sources */ = {isa = PBXBuildFile; fileRef = 7E4ADB681B0DE19900ED5F95 /* AppDelegate.m */; };
		7E4ADB711B0DE19900ED5F95 /* Images.xcassets in Resources */ = {isa = PBXBuildFile; fileRef = 7E4ADB701B0DE19900ED5F95 /* Images.xcassets */; };
		7E4ADB741B0DE19900ED5F95 /* LaunchScreen.xib in Resources */ = {isa = PBXBuildFile; fileRef = 7E4ADB721B0DE19900ED5F95 /* LaunchScreen.xib */; };
		7E4ADB801B0DE19900ED5F95 /* TestMasonryCellHeightTests.m in Sources */ = {isa = PBXBuildFile; fileRef = 7E4ADB7F1B0DE19900ED5F95 /* TestMasonryCellHeightTests.m */; };
		7E4ADB8B1B0DE3BF00ED5F95 /* HWTestTableViewController.m in Sources */ = {isa = PBXBuildFile; fileRef = 7E4ADB8A1B0DE3BF00ED5F95 /* HWTestTableViewController.m */; };
		7E4ADB8E1B0DE56700ED5F95 /* HWTestHeightCell.m in Sources */ = {isa = PBXBuildFile; fileRef = 7E4ADB8D1B0DE56700ED5F95 /* HWTestHeightCell.m */; };
		7E4ADB911B0DE5F100ED5F95 /* RJModel.m in Sources */ = {isa = PBXBuildFile; fileRef = 7E4ADB901B0DE5F100ED5F95 /* RJModel.m */; };
		A9845F2E590D138F70D0AB8D /* libPods-TestMasonryCellHeight.a in Frameworks */ = {isa = PBXBuildFile; fileRef = 1AE8BCFAB504C88FDBE024F9 /* libPods-TestMasonryCellHeight.a */; };
/* End PBXBuildFile section */

/* Begin PBXContainerItemProxy section */
		7E4ADB7A1B0DE19900ED5F95 /* PBXContainerItemProxy */ = {
			isa = PBXContainerItemProxy;
			containerPortal = 7E4ADB581B0DE19900ED5F95 /* Project object */;
			proxyType = 1;
			remoteGlobalIDString = 7E4ADB5F1B0DE19900ED5F95;
			remoteInfo = TestMasonryCellHeight;
		};
/* End PBXContainerItemProxy section */

/* Begin PBXFileReference section */
		1AE8BCFAB504C88FDBE024F9 /* libPods-TestMasonryCellHeight.a */ = {isa = PBXFileReference; explicitFileType = archive.ar; includeInIndex = 0; path = "libPods-TestMasonryCellHeight.a"; sourceTree = BUILT_PRODUCTS_DIR; };
		64CE830D63FD774B0D2BDEB4 /* Pods-TestMasonryCellHeight.release.xcconfig */ = {isa = PBXFileReference; includeInIndex = 1; lastKnownFileType = text.xcconfig; name = "Pods-TestMasonryCellHeight.release.xcconfig"; path = "Pods/Target Support Files/Pods-TestMasonryCellHeight/Pods-TestMasonryCellHeight.release.xcconfig"; sourceTree = "<group>"; };
		6E7DEA9B80000343E012DB66 /* Pods-TestMasonryCellHeight.debug.xcconfig */ = {isa = PBXFileReference; includeInIndex = 1; lastKnownFileType = text.xcconfig; name = "Pods-TestMasonryCellHeight.debug.xcconfig"; path = "Pods/Target Support Files/Pods-TestMasonryCellHeight/Pods-TestMasonryCellHeight.debug.xcconfig"; sourceTree = "<group>"; };
		7E4ADB601B0DE19900ED5F95 /* TestMasonryCellHeight.app */ = {isa = PBXFileReference; explicitFileType = wrapper.application; includeInIndex = 0; path = TestMasonryCellHeight.app; sourceTree = BUILT_PRODUCTS_DIR; };
		7E4ADB641B0DE19900ED5F95 /* Info.plist */ = {isa = PBXFileReference; lastKnownFileType = text.plist.xml; path = Info.plist; sourceTree = "<group>"; };
		7E4ADB651B0DE19900ED5F95 /* main.m */ = {isa = PBXFileReference; lastKnownFileType = sourcecode.c.objc; path = main.m; sourceTree = "<group>"; };
		7E4ADB671B0DE19900ED5F95 /* AppDelegate.h */ = {isa = PBXFileReference; lastKnownFileType = sourcecode.c.h; path = AppDelegate.h; sourceTree = "<group>"; };
		7E4ADB681B0DE19900ED5F95 /* AppDelegate.m */ = {isa = PBXFileReference; lastKnownFileType = sourcecode.c.objc; path = AppDelegate.m; sourceTree = "<group>"; };
		7E4ADB701B0DE19900ED5F95 /* Images.xcassets */ = {isa = PBXFileReference; lastKnownFileType = folder.assetcatalog; path = Images.xcassets; sourceTree = "<group>"; };
		7E4ADB731B0DE19900ED5F95 /* Base */ = {isa = PBXFileReference; lastKnownFileType = file.xib; name = Base; path = Base.lproj/LaunchScreen.xib; sourceTree = "<group>"; };
		7E4ADB791B0DE19900ED5F95 /* TestMasonryCellHeightTests.xctest */ = {isa = PBXFileReference; explicitFileType = wrapper.cfbundle; includeInIndex = 0; path = TestMasonryCellHeightTests.xctest; sourceTree = BUILT_PRODUCTS_DIR; };
		7E4ADB7E1B0DE19900ED5F95 /* Info.plist */ = {isa = PBXFileReference; lastKnownFileType = text.plist.xml; path = Info.plist; sourceTree = "<group>"; };
		7E4ADB7F1B0DE19900ED5F95 /* TestMasonryCellHeightTests.m */ = {isa = PBXFileReference; lastKnownFileType = sourcecode.c.objc; path = TestMasonryCellHeightTests.m; sourceTree = "<group>"; };
		7E4ADB891B0DE3BF00ED5F95 /* HWTestTableViewController.h */ = {isa = PBXFileReference; fileEncoding = 4; lastKnownFileType = sourcecode.c.h; path = HWTestTableViewController.h; sourceTree = "<group>"; };
		7E4ADB8A1B0DE3BF00ED5F95 /* HWTestTableViewController.m */ = {isa = PBXFileReference; fileEncoding = 4; lastKnownFileType = sourcecode.c.objc; path = HWTestTableViewController.m; sourceTree = "<group>"; };
		7E4ADB8C1B0DE56700ED5F95 /* HWTestHeightCell.h */ = {isa = PBXFileReference; fileEncoding = 4; lastKnownFileType = sourcecode.c.h; path = HWTestHeightCell.h; sourceTree = "<group>"; };
		7E4ADB8D1B0DE56700ED5F95 /* HWTestHeightCell.m */ = {isa = PBXFileReference; fileEncoding = 4; lastKnownFileType = sourcecode.c.objc; path = HWTestHeightCell.m; sourceTree = "<group>"; };
		7E4ADB8F1B0DE5F100ED5F95 /* RJModel.h */ = {isa = PBXFileReference; fileEncoding = 4; lastKnownFileType = sourcecode.c.h; path = RJModel.h; sourceTree = "<group>"; };
		7E4ADB901B0DE5F100ED5F95 /* RJModel.m */ = {isa = PBXFileReference; fileEncoding = 4; lastKnownFileType = sourcecode.c.objc; path = RJModel.m; sourceTree = "<group>"; };
/* End PBXFileReference section */

/* Begin PBXFrameworksBuildPhase section */
		7E4ADB5D1B0DE19900ED5F95 /* Frameworks */ = {
			isa = PBXFrameworksBuildPhase;
			buildActionMask = 2147483647;
			files = (
				A9845F2E590D138F70D0AB8D /* libPods-TestMasonryCellHeight.a in Frameworks */,
			);
			runOnlyForDeploymentPostprocessing = 0;
		};
		7E4ADB761B0DE19900ED5F95 /* Frameworks */ = {
			isa = PBXFrameworksBuildPhase;
			buildActionMask = 2147483647;
			files = (
			);
			runOnlyForDeploymentPostprocessing = 0;
		};
/* End PBXFrameworksBuildPhase section */

/* Begin PBXGroup section */
		7E4ADB571B0DE19900ED5F95 = {
			isa = PBXGroup;
			children = (
				7E4ADB621B0DE19900ED5F95 /* TestMasonryCellHeight */,
				7E4ADB7C1B0DE19900ED5F95 /* TestMasonryCellHeightTests */,
				7E4ADB611B0DE19900ED5F95 /* Products */,
				87FBA8D34109E9D6A396059F /* Pods */,
				E540D45B0935DE932A243818 /* Frameworks */,
			);
			sourceTree = "<group>";
		};
		7E4ADB611B0DE19900ED5F95 /* Products */ = {
			isa = PBXGroup;
			children = (
				7E4ADB601B0DE19900ED5F95 /* TestMasonryCellHeight.app */,
				7E4ADB791B0DE19900ED5F95 /* TestMasonryCellHeightTests.xctest */,
			);
			name = Products;
			sourceTree = "<group>";
		};
		7E4ADB621B0DE19900ED5F95 /* TestMasonryCellHeight */ = {
			isa = PBXGroup;
			children = (
				7E4ADB8F1B0DE5F100ED5F95 /* RJModel.h */,
				7E4ADB901B0DE5F100ED5F95 /* RJModel.m */,
				7E4ADB891B0DE3BF00ED5F95 /* HWTestTableViewController.h */,
				7E4ADB8A1B0DE3BF00ED5F95 /* HWTestTableViewController.m */,
				7E4ADB8C1B0DE56700ED5F95 /* HWTestHeightCell.h */,
				7E4ADB8D1B0DE56700ED5F95 /* HWTestHeightCell.m */,
				7E4ADB671B0DE19900ED5F95 /* AppDelegate.h */,
				7E4ADB681B0DE19900ED5F95 /* AppDelegate.m */,
				7E4ADB701B0DE19900ED5F95 /* Images.xcassets */,
				7E4ADB721B0DE19900ED5F95 /* LaunchScreen.xib */,
				7E4ADB631B0DE19900ED5F95 /* Supporting Files */,
			);
			path = TestMasonryCellHeight;
			sourceTree = "<group>";
		};
		7E4ADB631B0DE19900ED5F95 /* Supporting Files */ = {
			isa = PBXGroup;
			children = (
				7E4ADB641B0DE19900ED5F95 /* Info.plist */,
				7E4ADB651B0DE19900ED5F95 /* main.m */,
			);
			name = "Supporting Files";
			sourceTree = "<group>";
		};
		7E4ADB7C1B0DE19900ED5F95 /* TestMasonryCellHeightTests */ = {
			isa = PBXGroup;
			children = (
				7E4ADB7F1B0DE19900ED5F95 /* TestMasonryCellHeightTests.m */,
				7E4ADB7D1B0DE19900ED5F95 /* Supporting Files */,
			);
			path = TestMasonryCellHeightTests;
			sourceTree = "<group>";
		};
		7E4ADB7D1B0DE19900ED5F95 /* Supporting Files */ = {
			isa = PBXGroup;
			children = (
				7E4ADB7E1B0DE19900ED5F95 /* Info.plist */,
			);
			name = "Supporting Files";
			sourceTree = "<group>";
		};
		87FBA8D34109E9D6A396059F /* Pods */ = {
			isa = PBXGroup;
			children = (
				6E7DEA9B80000343E012DB66 /* Pods-TestMasonryCellHeight.debug.xcconfig */,
				64CE830D63FD774B0D2BDEB4 /* Pods-TestMasonryCellHeight.release.xcconfig */,
			);
			name = Pods;
			sourceTree = "<group>";
		};
		E540D45B0935DE932A243818 /* Frameworks */ = {
			isa = PBXGroup;
			children = (
				1AE8BCFAB504C88FDBE024F9 /* libPods-TestMasonryCellHeight.a */,
			);
			name = Frameworks;
			sourceTree = "<group>";
		};
/* End PBXGroup section */

/* Begin PBXNativeTarget section */
		7E4ADB5F1B0DE19900ED5F95 /* TestMasonryCellHeight */ = {
			isa = PBXNativeTarget;
			buildConfigurationList = 7E4ADB831B0DE19900ED5F95 /* Build configuration list for PBXNativeTarget "TestMasonryCellHeight" */;
			buildPhases = (
				A0AFD236395BF46970D2FC6D /* [CP] Check Pods Manifest.lock */,
				7E4ADB5C1B0DE19900ED5F95 /* Sources */,
				7E4ADB5D1B0DE19900ED5F95 /* Frameworks */,
				7E4ADB5E1B0DE19900ED5F95 /* Resources */,
				01CA12840918B34BEEC8029B /* [CP] Embed Pods Frameworks */,
				5889BF7158460DECAB3527B8 /* [CP] Copy Pods Resources */,
			);
			buildRules = (
			);
			dependencies = (
			);
			name = TestMasonryCellHeight;
			productName = TestMasonryCellHeight;
			productReference = 7E4ADB601B0DE19900ED5F95 /* TestMasonryCellHeight.app */;
			productType = "com.apple.product-type.application";
		};
		7E4ADB781B0DE19900ED5F95 /* TestMasonryCellHeightTests */ = {
			isa = PBXNativeTarget;
			buildConfigurationList = 7E4ADB861B0DE19900ED5F95 /* Build configuration list for PBXNativeTarget "TestMasonryCellHeightTests" */;
			buildPhases = (
				7E4ADB751B0DE19900ED5F95 /* Sources */,
				7E4ADB761B0DE19900ED5F95 /* Frameworks */,
				7E4ADB771B0DE19900ED5F95 /* Resources */,
			);
			buildRules = (
			);
			dependencies = (
				7E4ADB7B1B0DE19900ED5F95 /* PBXTargetDependency */,
			);
			name = TestMasonryCellHeightTests;
			productName = TestMasonryCellHeightTests;
			productReference = 7E4ADB791B0DE19900ED5F95 /* TestMasonryCellHeightTests.xctest */;
			productType = "com.apple.product-type.bundle.unit-test";
		};
/* End PBXNativeTarget section */

/* Begin PBXProject section */
		7E4ADB581B0DE19900ED5F95 /* Project object */ = {
			isa = PBXProject;
			attributes = {
				CLASSPREFIX = HW;
				LastUpgradeCheck = 0630;
				ORGANIZATIONNAME = Heath;
				TargetAttributes = {
					7E4ADB5F1B0DE19900ED5F95 = {
						CreatedOnToolsVersion = 6.3.1;
					};
					7E4ADB781B0DE19900ED5F95 = {
						CreatedOnToolsVersion = 6.3.1;
						TestTargetID = 7E4ADB5F1B0DE19900ED5F95;
					};
				};
			};
			buildConfigurationList = 7E4ADB5B1B0DE19900ED5F95 /* Build configuration list for PBXProject "TestMasonryCellHeight" */;
			compatibilityVersion = "Xcode 3.2";
			developmentRegion = English;
			hasScannedForEncodings = 0;
			knownRegions = (
				en,
				Base,
			);
			mainGroup = 7E4ADB571B0DE19900ED5F95;
			productRefGroup = 7E4ADB611B0DE19900ED5F95 /* Products */;
			projectDirPath = "";
			projectRoot = "";
			targets = (
				7E4ADB5F1B0DE19900ED5F95 /* TestMasonryCellHeight */,
				7E4ADB781B0DE19900ED5F95 /* TestMasonryCellHeightTests */,
			);
		};
/* End PBXProject section */

/* Begin PBXResourcesBuildPhase section */
		7E4ADB5E1B0DE19900ED5F95 /* Resources */ = {
			isa = PBXResourcesBuildPhase;
			buildActionMask = 2147483647;
			files = (
				7E4ADB741B0DE19900ED5F95 /* LaunchScreen.xib in Resources */,
				7E4ADB711B0DE19900ED5F95 /* Images.xcassets in Resources */,
			);
			runOnlyForDeploymentPostprocessing = 0;
		};
		7E4ADB771B0DE19900ED5F95 /* Resources */ = {
			isa = PBXResourcesBuildPhase;
			buildActionMask = 2147483647;
			files = (
			);
			runOnlyForDeploymentPostprocessing = 0;
		};
/* End PBXResourcesBuildPhase section */

/* Begin PBXShellScriptBuildPhase section */
		01CA12840918B34BEEC8029B /* [CP] Embed Pods Frameworks */ = {
			isa = PBXShellScriptBuildPhase;
			buildActionMask = 2147483647;
			files = (
			);
			inputPaths = (
			);
			name = "[CP] Embed Pods Frameworks";
			outputPaths = (
			);
			runOnlyForDeploymentPostprocessing = 0;
			shellPath = /bin/sh;
			shellScript = "\"${SRCROOT}/Pods/Target Support Files/Pods-TestMasonryCellHeight/Pods-TestMasonryCellHeight-frameworks.sh\"\n";
			showEnvVarsInLog = 0;
		};
		5889BF7158460DECAB3527B8 /* [CP] Copy Pods Resources */ = {
			isa = PBXShellScriptBuildPhase;
			buildActionMask = 2147483647;
			files = (
			);
			inputPaths = (
			);
			name = "[CP] Copy Pods Resources";
			outputPaths = (
			);
			runOnlyForDeploymentPostprocessing = 0;
			shellPath = /bin/sh;
			shellScript = "\"${SRCROOT}/Pods/Target Support Files/Pods-TestMasonryCellHeight/Pods-TestMasonryCellHeight-resources.sh\"\n";
			showEnvVarsInLog = 0;
		};
		A0AFD236395BF46970D2FC6D /* [CP] Check Pods Manifest.lock */ = {
			isa = PBXShellScriptBuildPhase;
			buildActionMask = 2147483647;
			files = (
			);
			inputPaths = (
			);
			name = "[CP] Check Pods Manifest.lock";
			outputPaths = (
			);
			runOnlyForDeploymentPostprocessing = 0;
			shellPath = /bin/sh;
			shellScript = "diff \"${PODS_ROOT}/../Podfile.lock\" \"${PODS_ROOT}/Manifest.lock\" > /dev/null\nif [ $? != 0 ] ; then\n    # print error to STDERR\n    echo \"error: The sandbox is not in sync with the Podfile.lock. Run 'pod install' or update your CocoaPods installation.\" >&2\n    exit 1\nfi\n";
			showEnvVarsInLog = 0;
		};
/* End PBXShellScriptBuildPhase section */

/* Begin PBXSourcesBuildPhase section */
		7E4ADB5C1B0DE19900ED5F95 /* Sources */ = {
			isa = PBXSourcesBuildPhase;
			buildActionMask = 2147483647;
			files = (
				7E4ADB691B0DE19900ED5F95 /* AppDelegate.m in Sources */,
				7E4ADB911B0DE5F100ED5F95 /* RJModel.m in Sources */,
				7E4ADB8E1B0DE56700ED5F95 /* HWTestHeightCell.m in Sources */,
				7E4ADB8B1B0DE3BF00ED5F95 /* HWTestTableViewController.m in Sources */,
				7E4ADB661B0DE19900ED5F95 /* main.m in Sources */,
			);
			runOnlyForDeploymentPostprocessing = 0;
		};
		7E4ADB751B0DE19900ED5F95 /* Sources */ = {
			isa = PBXSourcesBuildPhase;
			buildActionMask = 2147483647;
			files = (
				7E4ADB801B0DE19900ED5F95 /* TestMasonryCellHeightTests.m in Sources */,
			);
			runOnlyForDeploymentPostprocessing = 0;
		};
/* End PBXSourcesBuildPhase section */

/* Begin PBXTargetDependency section */
		7E4ADB7B1B0DE19900ED5F95 /* PBXTargetDependency */ = {
			isa = PBXTargetDependency;
			target = 7E4ADB5F1B0DE19900ED5F95 /* TestMasonryCellHeight */;
			targetProxy = 7E4ADB7A1B0DE19900ED5F95 /* PBXContainerItemProxy */;
		};
/* End PBXTargetDependency section */

/* Begin PBXVariantGroup section */
		7E4ADB721B0DE19900ED5F95 /* LaunchScreen.xib */ = {
			isa = PBXVariantGroup;
			children = (
				7E4ADB731B0DE19900ED5F95 /* Base */,
			);
			name = LaunchScreen.xib;
			sourceTree = "<group>";
		};
/* End PBXVariantGroup section */

/* Begin XCBuildConfiguration section */
		7E4ADB811B0DE19900ED5F95 /* Debug */ = {
			isa = XCBuildConfiguration;
			buildSettings = {
				ALWAYS_SEARCH_USER_PATHS = NO;
				CLANG_CXX_LANGUAGE_STANDARD = "gnu++0x";
				CLANG_CXX_LIBRARY = "libc++";
				CLANG_ENABLE_MODULES = YES;
				CLANG_ENABLE_OBJC_ARC = YES;
				CLANG_WARN_BOOL_CONVERSION = YES;
				CLANG_WARN_CONSTANT_CONVERSION = YES;
				CLANG_WARN_DIRECT_OBJC_ISA_USAGE = YES_ERROR;
				CLANG_WARN_EMPTY_BODY = YES;
				CLANG_WARN_ENUM_CONVERSION = YES;
				CLANG_WARN_INT_CONVERSION = YES;
				CLANG_WARN_OBJC_ROOT_CLASS = YES_ERROR;
				CLANG_WARN_UNREACHABLE_CODE = YES;
				CLANG_WARN__DUPLICATE_METHOD_MATCH = YES;
				"CODE_SIGN_IDENTITY[sdk=iphoneos*]" = "iPhone Developer";
				COPY_PHASE_STRIP = NO;
				DEBUG_INFORMATION_FORMAT = "dwarf-with-dsym";
				ENABLE_STRICT_OBJC_MSGSEND = YES;
				GCC_C_LANGUAGE_STANDARD = gnu99;
				GCC_DYNAMIC_NO_PIC = NO;
				GCC_NO_COMMON_BLOCKS = YES;
				GCC_OPTIMIZATION_LEVEL = 0;
				GCC_PREPROCESSOR_DEFINITIONS = (
					"DEBUG=1",
					"$(inherited)",
				);
				GCC_SYMBOLS_PRIVATE_EXTERN = NO;
				GCC_WARN_64_TO_32_BIT_CONVERSION = YES;
				GCC_WARN_ABOUT_RETURN_TYPE = YES_ERROR;
				GCC_WARN_UNDECLARED_SELECTOR = YES;
				GCC_WARN_UNINITIALIZED_AUTOS = YES_AGGRESSIVE;
				GCC_WARN_UNUSED_FUNCTION = YES;
				GCC_WARN_UNUSED_VARIABLE = YES;
				IPHONEOS_DEPLOYMENT_TARGET = 8.3;
				MTL_ENABLE_DEBUG_INFO = YES;
				ONLY_ACTIVE_ARCH = YES;
				SDKROOT = iphoneos;
			};
			name = Debug;
		};
		7E4ADB821B0DE19900ED5F95 /* Release */ = {
			isa = XCBuildConfiguration;
			buildSettings = {
				ALWAYS_SEARCH_USER_PATHS = NO;
				CLANG_CXX_LANGUAGE_STANDARD = "gnu++0x";
				CLANG_CXX_LIBRARY = "libc++";
				CLANG_ENABLE_MODULES = YES;
				CLANG_ENABLE_OBJC_ARC = YES;
				CLANG_WARN_BOOL_CONVERSION = YES;
				CLANG_WARN_CONSTANT_CONVERSION = YES;
				CLANG_WARN_DIRECT_OBJC_ISA_USAGE = YES_ERROR;
				CLANG_WARN_EMPTY_BODY = YES;
				CLANG_WARN_ENUM_CONVERSION = YES;
				CLANG_WARN_INT_CONVERSION = YES;
				CLANG_WARN_OBJC_ROOT_CLASS = YES_ERROR;
				CLANG_WARN_UNREACHABLE_CODE = YES;
				CLANG_WARN__DUPLICATE_METHOD_MATCH = YES;
				"CODE_SIGN_IDENTITY[sdk=iphoneos*]" = "iPhone Developer";
				COPY_PHASE_STRIP = NO;
				DEBUG_INFORMATION_FORMAT = "dwarf-with-dsym";
				ENABLE_NS_ASSERTIONS = NO;
				ENABLE_STRICT_OBJC_MSGSEND = YES;
				GCC_C_LANGUAGE_STANDARD = gnu99;
				GCC_NO_COMMON_BLOCKS = YES;
				GCC_WARN_64_TO_32_BIT_CONVERSION = YES;
				GCC_WARN_ABOUT_RETURN_TYPE = YES_ERROR;
				GCC_WARN_UNDECLARED_SELECTOR = YES;
				GCC_WARN_UNINITIALIZED_AUTOS = YES_AGGRESSIVE;
				GCC_WARN_UNUSED_FUNCTION = YES;
				GCC_WARN_UNUSED_VARIABLE = YES;
				IPHONEOS_DEPLOYMENT_TARGET = 8.3;
				MTL_ENABLE_DEBUG_INFO = NO;
				SDKROOT = iphoneos;
				VALIDATE_PRODUCT = YES;
			};
			name = Release;
		};
		7E4ADB841B0DE19900ED5F95 /* Debug */ = {
			isa = XCBuildConfiguration;
			baseConfigurationReference = 6E7DEA9B80000343E012DB66 /* Pods-TestMasonryCellHeight.debug.xcconfig */;
			buildSettings = {
				ASSETCATALOG_COMPILER_APPICON_NAME = AppIcon;
				INFOPLIST_FILE = TestMasonryCellHeight/Info.plist;
				LD_RUNPATH_SEARCH_PATHS = "$(inherited) @executable_path/Frameworks";
				PRODUCT_NAME = "$(TARGET_NAME)";
			};
			name = Debug;
		};
		7E4ADB851B0DE19900ED5F95 /* Release */ = {
			isa = XCBuildConfiguration;
			baseConfigurationReference = 64CE830D63FD774B0D2BDEB4 /* Pods-TestMasonryCellHeight.release.xcconfig */;
			buildSettings = {
				ASSETCATALOG_COMPILER_APPICON_NAME = AppIcon;
				INFOPLIST_FILE = TestMasonryCellHeight/Info.plist;
				LD_RUNPATH_SEARCH_PATHS = "$(inherited) @executable_path/Frameworks";
				PRODUCT_NAME = "$(TARGET_NAME)";
			};
			name = Release;
		};
		7E4ADB871B0DE19900ED5F95 /* Debug */ = {
			isa = XCBuildConfiguration;
			buildSettings = {
				BUNDLE_LOADER = "$(TEST_HOST)";
				FRAMEWORK_SEARCH_PATHS = (
					"$(SDKROOT)/Developer/Library/Frameworks",
					"$(inherited)",
				);
				GCC_PREPROCESSOR_DEFINITIONS = (
					"DEBUG=1",
					"$(inherited)",
				);
				INFOPLIST_FILE = TestMasonryCellHeightTests/Info.plist;
				LD_RUNPATH_SEARCH_PATHS = "$(inherited) @executable_path/Frameworks @loader_path/Frameworks";
				PRODUCT_NAME = "$(TARGET_NAME)";
				TEST_HOST = "$(BUILT_PRODUCTS_DIR)/TestMasonryCellHeight.app/TestMasonryCellHeight";
			};
			name = Debug;
		};
		7E4ADB881B0DE19900ED5F95 /* Release */ = {
			isa = XCBuildConfiguration;
			buildSettings = {
				BUNDLE_LOADER = "$(TEST_HOST)";
				FRAMEWORK_SEARCH_PATHS = (
					"$(SDKROOT)/Developer/Library/Frameworks",
					"$(inherited)",
				);
				INFOPLIST_FILE = TestMasonryCellHeightTests/Info.plist;
				LD_RUNPATH_SEARCH_PATHS = "$(inherited) @executable_path/Frameworks @loader_path/Frameworks";
				PRODUCT_NAME = "$(TARGET_NAME)";
				TEST_HOST = "$(BUILT_PRODUCTS_DIR)/TestMasonryCellHeight.app/TestMasonryCellHeight";
			};
			name = Release;
		};
/* End XCBuildConfiguration section */

/* Begin XCConfigurationList section */
		7E4ADB5B1B0DE19900ED5F95 /* Build configuration list for PBXProject "TestMasonryCellHeight" */ = {
			isa = XCConfigurationList;
			buildConfigurations = (
				7E4ADB811B0DE19900ED5F95 /* Debug */,
				7E4ADB821B0DE19900ED5F95 /* Release */,
			);
			defaultConfigurationIsVisible = 0;
			defaultConfigurationName = Release;
		};
		7E4ADB831B0DE19900ED5F95 /* Build configuration list for PBXNativeTarget "TestMasonryCellHeight" */ = {
			isa = XCConfigurationList;
			buildConfigurations = (
				7E4ADB841B0DE19900ED5F95 /* Debug */,
				7E4ADB851B0DE19900ED5F95 /* Release */,
			);
			defaultConfigurationIsVisible = 0;
			defaultConfigurationName = Release;
		};
		7E4ADB861B0DE19900ED5F95 /* Build configuration list for PBXNativeTarget "TestMasonryCellHeightTests" */ = {
			isa = XCConfigurationList;
			buildConfigurations = (
				7E4ADB871B0DE19900ED5F95 /* Debug */,
				7E4ADB881B0DE19900ED5F95 /* Release */,
			);
			defaultConfigurationIsVisible = 0;
			defaultConfigurationName = Release;
		};
/* End XCConfigurationList section */
	};
	rootObject = 7E4ADB581B0DE19900ED5F95 /* Project object */;
}
