PODS:
  - Masonry (0.6.1)
  - UITableView+FDTemplateLayoutCell (1.2)

DEPENDENCIES:
  - Masonry
  - UITableView+FDTemplateLayoutCell

SPEC CHECKSUMS:
  Masonry: 4972309f2f134de9dd312f4dc4a21359b50e6caa
  UITableView+FDTemplateLayoutCell: 355e1c52461bf51e2338f443ee358faca9628878

PODFILE CHECKSUM: 44375ab8240bb2a735a6757d94196d99176975d0

COCOAPODS: 1.2.0
